
Microsoft Visual Studio Solution File, Format Version 12.00
# Visual Studio 14
VisualStudioVersion = 14.0.24720.0
MinimumVisualStudioVersion = 10.0.40219.1
Project("{FAE04EC0-301F-11D3-BF4B-00C04F79EFBC}") = "GenerateJunkFiles", "GenerateJunkFiles\GenerateJunkFiles.csproj", "{1276EAC5-8301-49C3-82B6-4067B6B5A067}"
EndProject
Global
	GlobalSection(SolutionConfigurationPlatforms) = preSolution
		Debug|Any CPU = Debug|Any CPU
		Release|Any CPU = Release|Any CPU
	EndGlobalSection
	GlobalSection(ProjectConfigurationPlatforms) = postSolution
		{1276EAC5-8301-49C3-82B6-4067B6B5A067}.Debug|Any CPU.ActiveCfg = Debug|Any CPU
		{1276EAC5-8301-49C3-82B6-4067B6B5A067}.Debug|Any CPU.Build.0 = Debug|Any CPU
		{1276EAC5-8301-49C3-82B6-4067B6B5A067}.Release|Any CPU.ActiveCfg = Release|Any CPU
		{1276EAC5-8301-49C3-82B6-4067B6B5A067}.Release|Any CPU.Build.0 = Release|Any CPU
	EndGlobalSection
	GlobalSection(SolutionProperties) = preSolution
		HideSolutionNode = FALSE
	EndGlobalSection
EndGlobal
